
Microsoft Visual Studio Solution File, Format Version 12.00
# Visual Studio 14
VisualStudioVersion = 14.0.24720.0
MinimumVisualStudioVersion = 10.0.40219.1
Project("{FAE04EC0-301F-11D3-BF4B-00C04F79EFBC}") = "Rhyous.EasyXml.NuGet", "Rhyous.EasyXml.NuGet\Rhyous.EasyXml.NuGet.csproj", "{0451BAEF-DF2E-4B98-8644-94EE9415E389}"
EndProject
Project("{FAE04EC0-301F-11D3-BF4B-00C04F79EFBC}") = "Rhyous.EasyXml.NuGet.Sources", "Rhyous.EasyXml.NuGet.Sources\Rhyous.EasyXml.NuGet.Sources.csproj", "{6A8E16B8-CB46-4401-98EE-D4F879FBE597}"
EndProject
Project("{FAE04EC0-301F-11D3-BF4B-00C04F79EFBC}") = "Rhyous.EasyXml", "..\Rhyous.EasyXml\Rhyous.EasyXml.csproj", "{EE497B86-5762-441E-B7A8-4B84DF52B723}"
EndProject
Global
	GlobalSection(SolutionConfigurationPlatforms) = preSolution
		Debug|Any CPU = Debug|Any CPU
		Release|Any CPU = Release|Any CPU
	EndGlobalSection
	GlobalSection(ProjectConfigurationPlatforms) = postSolution
		{0451BAEF-DF2E-4B98-8644-94EE9415E389}.Debug|Any CPU.ActiveCfg = Debug|Any CPU
		{0451BAEF-DF2E-4B98-8644-94EE9415E389}.Debug|Any CPU.Build.0 = Debug|Any CPU
		{0451BAEF-DF2E-4B98-8644-94EE9415E389}.Release|Any CPU.ActiveCfg = Release|Any CPU
		{6A8E16B8-CB46-4401-98EE-D4F879FBE597}.Debug|Any CPU.ActiveCfg = Debug|Any CPU
		{6A8E16B8-CB46-4401-98EE-D4F879FBE597}.Debug|Any CPU.Build.0 = Debug|Any CPU
		{6A8E16B8-CB46-4401-98EE-D4F879FBE597}.Release|Any CPU.ActiveCfg = Release|Any CPU
		{EE497B86-5762-441E-B7A8-4B84DF52B723}.Debug|Any CPU.ActiveCfg = Debug|Any CPU
		{EE497B86-5762-441E-B7A8-4B84DF52B723}.Debug|Any CPU.Build.0 = Debug|Any CPU
		{EE497B86-5762-441E-B7A8-4B84DF52B723}.Release|Any CPU.ActiveCfg = Release|Any CPU
		{EE497B86-5762-441E-B7A8-4B84DF52B723}.Release|Any CPU.Build.0 = Release|Any CPU
	EndGlobalSection
	GlobalSection(SolutionProperties) = preSolution
		HideSolutionNode = FALSE
	EndGlobalSection
EndGlobal
