
Microsoft Visual Studio Solution File, Format Version 12.00
# Visual Studio 14
VisualStudioVersion = 14.0.24720.0
MinimumVisualStudioVersion = 10.0.40219.1
Project("{FAE04EC0-301F-11D3-BF4B-00C04F79EFBC}") = "Rhyous.EasyXml", "Rhyous.EasyXml\Rhyous.EasyXml.csproj", "{EE497B86-5762-441E-B7A8-4B84DF52B723}"
EndProject
Project("{2150E333-8FDC-42A3-9474-1A3956D46DE8}") = "Unit Tests", "Unit Tests", "{10B7C4E9-8D94-489E-8FC5-E000F87BD0E9}"
EndProject
Project("{FAE04EC0-301F-11D3-BF4B-00C04F79EFBC}") = "Rhyous.EasyXml.Tests", "Unit Tests\Rhyous.EasyXml.Tests\Rhyous.EasyXml.Tests.csproj", "{EA204F8E-2FF1-4E28-B380-1D1A3C99CF23}"
EndProject
Global
	GlobalSection(SolutionConfigurationPlatforms) = preSolution
		Debug|Any CPU = Debug|Any CPU
		Release|Any CPU = Release|Any CPU
	EndGlobalSection
	GlobalSection(ProjectConfigurationPlatforms) = postSolution
		{EE497B86-5762-441E-B7A8-4B84DF52B723}.Debug|Any CPU.ActiveCfg = Debug|Any CPU
		{EE497B86-5762-441E-B7A8-4B84DF52B723}.Debug|Any CPU.Build.0 = Debug|Any CPU
		{EE497B86-5762-441E-B7A8-4B84DF52B723}.Release|Any CPU.ActiveCfg = Release|Any CPU
		{EE497B86-5762-441E-B7A8-4B84DF52B723}.Release|Any CPU.Build.0 = Release|Any CPU
		{EA204F8E-2FF1-4E28-B380-1D1A3C99CF23}.Debug|Any CPU.ActiveCfg = Debug|Any CPU
		{EA204F8E-2FF1-4E28-B380-1D1A3C99CF23}.Debug|Any CPU.Build.0 = Debug|Any CPU
		{EA204F8E-2FF1-4E28-B380-1D1A3C99CF23}.Release|Any CPU.ActiveCfg = Release|Any CPU
		{EA204F8E-2FF1-4E28-B380-1D1A3C99CF23}.Release|Any CPU.Build.0 = Release|Any CPU
	EndGlobalSection
	GlobalSection(SolutionProperties) = preSolution
		HideSolutionNode = FALSE
	EndGlobalSection
	GlobalSection(NestedProjects) = preSolution
		{EA204F8E-2FF1-4E28-B380-1D1A3C99CF23} = {10B7C4E9-8D94-489E-8FC5-E000F87BD0E9}
	EndGlobalSection
EndGlobal
